
Microsoft Visual Studio Solution File, Format Version 12.00
# Visual Studio Version 17
VisualStudioVersion = 17.10.34916.146
MinimumVisualStudioVersion = 10.0.40219.1
Project("{FAE04EC0-301F-11D3-BF4B-00C04F79EFBC}") = "Volunteer", "Volunteer.csproj", "{3DC21EDE-99B0-44B5-96BC-9262D04DAB0E}"
EndProject
Project("{FAE04EC0-301F-11D3-BF4B-00C04F79EFBC}") = "Application", "..\Application\Application.csproj", "{EB4A10BB-212E-480A-B8B3-853995A07474}"
EndProject
Project("{FAE04EC0-301F-11D3-BF4B-00C04F79EFBC}") = "Infrastructure", "..\Infrastructure\Infrastructure.csproj", "{3DF71460-D270-48D8-832D-635057787046}"
EndProject
Project("{FAE04EC0-301F-11D3-BF4B-00C04F79EFBC}") = "Domain", "..\Domain\Domain.csproj", "{7E2738F4-F8B4-46D4-9864-D2D0BB280E56}"
EndProject
Global
	GlobalSection(SolutionConfigurationPlatforms) = preSolution
		Debug|Any CPU = Debug|Any CPU
		Release|Any CPU = Release|Any CPU
	EndGlobalSection
	GlobalSection(ProjectConfigurationPlatforms) = postSolution
		{3DC21EDE-99B0-44B5-96BC-9262D04DAB0E}.Debug|Any CPU.ActiveCfg = Debug|Any CPU
		{3DC21EDE-99B0-44B5-96BC-9262D04DAB0E}.Debug|Any CPU.Build.0 = Debug|Any CPU
		{3DC21EDE-99B0-44B5-96BC-9262D04DAB0E}.Release|Any CPU.ActiveCfg = Release|Any CPU
		{3DC21EDE-99B0-44B5-96BC-9262D04DAB0E}.Release|Any CPU.Build.0 = Release|Any CPU
		{EB4A10BB-212E-480A-B8B3-853995A07474}.Debug|Any CPU.ActiveCfg = Debug|Any CPU
		{EB4A10BB-212E-480A-B8B3-853995A07474}.Debug|Any CPU.Build.0 = Debug|Any CPU
		{EB4A10BB-212E-480A-B8B3-853995A07474}.Release|Any CPU.ActiveCfg = Release|Any CPU
		{EB4A10BB-212E-480A-B8B3-853995A07474}.Release|Any CPU.Build.0 = Release|Any CPU
		{3DF71460-D270-48D8-832D-635057787046}.Debug|Any CPU.ActiveCfg = Debug|Any CPU
		{3DF71460-D270-48D8-832D-635057787046}.Debug|Any CPU.Build.0 = Debug|Any CPU
		{3DF71460-D270-48D8-832D-635057787046}.Release|Any CPU.ActiveCfg = Release|Any CPU
		{3DF71460-D270-48D8-832D-635057787046}.Release|Any CPU.Build.0 = Release|Any CPU
		{7E2738F4-F8B4-46D4-9864-D2D0BB280E56}.Debug|Any CPU.ActiveCfg = Debug|Any CPU
		{7E2738F4-F8B4-46D4-9864-D2D0BB280E56}.Debug|Any CPU.Build.0 = Debug|Any CPU
		{7E2738F4-F8B4-46D4-9864-D2D0BB280E56}.Release|Any CPU.ActiveCfg = Release|Any CPU
		{7E2738F4-F8B4-46D4-9864-D2D0BB280E56}.Release|Any CPU.Build.0 = Release|Any CPU
	EndGlobalSection
	GlobalSection(SolutionProperties) = preSolution
		HideSolutionNode = FALSE
	EndGlobalSection
	GlobalSection(ExtensibilityGlobals) = postSolution
		SolutionGuid = {2CAE44DB-0989-4A03-A7E1-7E54C7785BC0}
	EndGlobalSection
EndGlobal
